// !$*UTF8*$!
{
	archiveVersion = 1;
	classes = {
	};
	objectVersion = 46;
	objects = {

/* Begin PBXBuildFile section */
		571649C41ACF0CA900F8CFE9 /* AppDelegate.swift in Sources */ = {isa = PBXBuildFile; fileRef = 571649C31ACF0CA900F8CFE9 /* AppDelegate.swift */; };
		571649C61ACF0CA900F8CFE9 /* MemeEditorViewController.swift in Sources */ = {isa = PBXBuildFile; fileRef = 571649C51ACF0CA900F8CFE9 /* MemeEditorViewController.swift */; };
		571649C91ACF0CA900F8CFE9 /* Main.storyboard in Resources */ = {isa = PBXBuildFile; fileRef = 571649C71ACF0CA900F8CFE9 /* Main.storyboard */; };
		571649CB1ACF0CA900F8CFE9 /* Images.xcassets in Resources */ = {isa = PBXBuildFile; fileRef = 571649CA1ACF0CA900F8CFE9 /* Images.xcassets */; };
		571649CE1ACF0CA900F8CFE9 /* LaunchScreen.xib in Resources */ = {isa = PBXBuildFile; fileRef = 571649CC1ACF0CA900F8CFE9 /* LaunchScreen.xib */; };
		571649DA1ACF0CA900F8CFE9 /* MemeMeTests.swift in Sources */ = {isa = PBXBuildFile; fileRef = 571649D91ACF0CA900F8CFE9 /* MemeMeTests.swift */; };
/* End PBXBuildFile section */

/* Begin PBXContainerItemProxy section */
		571649D41ACF0CA900F8CFE9 /* PBXContainerItemProxy */ = {
			isa = PBXContainerItemProxy;
			containerPortal = 571649B61ACF0CA900F8CFE9 /* Project object */;
			proxyType = 1;
			remoteGlobalIDString = 571649BD1ACF0CA900F8CFE9;
			remoteInfo = MemeMe;
		};
/* End PBXContainerItemProxy section */

/* Begin PBXFileReference section */
		571649BE1ACF0CA900F8CFE9 /* MemeMe.app */ = {isa = PBXFileReference; explicitFileType = wrapper.application; includeInIndex = 0; path = MemeMe.app; sourceTree = BUILT_PRODUCTS_DIR; };
		571649C21ACF0CA900F8CFE9 /* Info.plist */ = {isa = PBXFileReference; lastKnownFileType = text.plist.xml; path = Info.plist; sourceTree = "<group>"; };
		571649C31ACF0CA900F8CFE9 /* AppDelegate.swift */ = {isa = PBXFileReference; lastKnownFileType = sourcecode.swift; path = AppDelegate.swift; sourceTree = "<group>"; };
		571649C51ACF0CA900F8CFE9 /* MemeEditorViewController.swift */ = {isa = PBXFileReference; lastKnownFileType = sourcecode.swift; path = MemeEditorViewController.swift; sourceTree = "<group>"; };
		571649C81ACF0CA900F8CFE9 /* Base */ = {isa = PBXFileReference; lastKnownFileType = file.storyboard; name = Base; path = Base.lproj/Main.storyboard; sourceTree = "<group>"; };
		571649CA1ACF0CA900F8CFE9 /* Images.xcassets */ = {isa = PBXFileReference; lastKnownFileType = folder.assetcatalog; path = Images.xcassets; sourceTree = "<group>"; };
		571649CD1ACF0CA900F8CFE9 /* Base */ = {isa = PBXFileReference; lastKnownFileType = file.xib; name = Base; path = Base.lproj/LaunchScreen.xib; sourceTree = "<group>"; };
		571649D31ACF0CA900F8CFE9 /* MemeMeTests.xctest */ = {isa = PBXFileReference; explicitFileType = wrapper.cfbundle; includeInIndex = 0; path = MemeMeTests.xctest; sourceTree = BUILT_PRODUCTS_DIR; };
		571649D81ACF0CA900F8CFE9 /* Info.plist */ = {isa = PBXFileReference; lastKnownFileType = text.plist.xml; path = Info.plist; sourceTree = "<group>"; };
		571649D91ACF0CA900F8CFE9 /* MemeMeTests.swift */ = {isa = PBXFileReference; lastKnownFileType = sourcecode.swift; path = MemeMeTests.swift; sourceTree = "<group>"; };
/* End PBXFileReference section */

/* Begin PBXFrameworksBuildPhase section */
		571649BB1ACF0CA900F8CFE9 /* Frameworks */ = {
			isa = PBXFrameworksBuildPhase;
			buildActionMask = 2147483647;
			files = (
			);
			runOnlyForDeploymentPostprocessing = 0;
		};
		571649D01ACF0CA900F8CFE9 /* Frameworks */ = {
			isa = PBXFrameworksBuildPhase;
			buildActionMask = 2147483647;
			files = (
			);
			runOnlyForDeploymentPostprocessing = 0;
		};
/* End PBXFrameworksBuildPhase section */

/* Begin PBXGroup section */
		571649B51ACF0CA900F8CFE9 = {
			isa = PBXGroup;
			children = (
				571649C01ACF0CA900F8CFE9 /* MemeMe */,
				571649D61ACF0CA900F8CFE9 /* MemeMeTests */,
				571649BF1ACF0CA900F8CFE9 /* Products */,
			);
			sourceTree = "<group>";
		};
		571649BF1ACF0CA900F8CFE9 /* Products */ = {
			isa = PBXGroup;
			children = (
				571649BE1ACF0CA900F8CFE9 /* MemeMe.app */,
				571649D31ACF0CA900F8CFE9 /* MemeMeTests.xctest */,
			);
			name = Products;
			sourceTree = "<group>";
		};
		571649C01ACF0CA900F8CFE9 /* MemeMe */ = {
			isa = PBXGroup;
			children = (
				571649C31ACF0CA900F8CFE9 /* AppDelegate.swift */,
				571649C51ACF0CA900F8CFE9 /* MemeEditorViewController.swift */,
				571649C71ACF0CA900F8CFE9 /* Main.storyboard */,
				571649CA1ACF0CA900F8CFE9 /* Images.xcassets */,
				571649CC1ACF0CA900F8CFE9 /* LaunchScreen.xib */,
				571649C11ACF0CA900F8CFE9 /* Supporting Files */,
			);
			path = MemeMe;
			sourceTree = "<group>";
		};
		571649C11ACF0CA900F8CFE9 /* Supporting Files */ = {
			isa = PBXGroup;
			children = (
				571649C21ACF0CA900F8CFE9 /* Info.plist */,
			);
			name = "Supporting Files";
			sourceTree = "<group>";
		};
		571649D61ACF0CA900F8CFE9 /* MemeMeTests */ = {
			isa = PBXGroup;
			children = (
				571649D91ACF0CA900F8CFE9 /* MemeMeTests.swift */,
				571649D71ACF0CA900F8CFE9 /* Supporting Files */,
			);
			path = MemeMeTests;
			sourceTree = "<group>";
		};
		571649D71ACF0CA900F8CFE9 /* Supporting Files */ = {
			isa = PBXGroup;
			children = (
				571649D81ACF0CA900F8CFE9 /* Info.plist */,
			);
			name = "Supporting Files";
			sourceTree = "<group>";
		};
/* End PBXGroup section */

/* Begin PBXNativeTarget section */
		571649BD1ACF0CA900F8CFE9 /* MemeMe */ = {
			isa = PBXNativeTarget;
			buildConfigurationList = 571649DD1ACF0CA900F8CFE9 /* Build configuration list for PBXNativeTarget "MemeMe" */;
			buildPhases = (
				571649BA1ACF0CA900F8CFE9 /* Sources */,
				571649BB1ACF0CA900F8CFE9 /* Frameworks */,
				571649BC1ACF0CA900F8CFE9 /* Resources */,
			);
			buildRules = (
			);
			dependencies = (
			);
			name = MemeMe;
			productName = MemeMe;
			productReference = 571649BE1ACF0CA900F8CFE9 /* MemeMe.app */;
			productType = "com.apple.product-type.application";
		};
		571649D21ACF0CA900F8CFE9 /* MemeMeTests */ = {
			isa = PBXNativeTarget;
			buildConfigurationList = 571649E01ACF0CA900F8CFE9 /* Build configuration list for PBXNativeTarget "MemeMeTests" */;
			buildPhases = (
				571649CF1ACF0CA900F8CFE9 /* Sources */,
				571649D01ACF0CA900F8CFE9 /* Frameworks */,
				571649D11ACF0CA900F8CFE9 /* Resources */,
			);
			buildRules = (
			);
			dependencies = (
				571649D51ACF0CA900F8CFE9 /* PBXTargetDependency */,
			);
			name = MemeMeTests;
			productName = MemeMeTests;
			productReference = 571649D31ACF0CA900F8CFE9 /* MemeMeTests.xctest */;
			productType = "com.apple.product-type.bundle.unit-test";
		};
/* End PBXNativeTarget section */

/* Begin PBXProject section */
		571649B61ACF0CA900F8CFE9 /* Project object */ = {
			isa = PBXProject;
			attributes = {
				LastUpgradeCheck = 0620;
				ORGANIZATIONNAME = "Humberto Aquino";
				TargetAttributes = {
					571649BD1ACF0CA900F8CFE9 = {
						CreatedOnToolsVersion = 6.2;
					};
					571649D21ACF0CA900F8CFE9 = {
						CreatedOnToolsVersion = 6.2;
						TestTargetID = 571649BD1ACF0CA900F8CFE9;
					};
				};
			};
			buildConfigurationList = 571649B91ACF0CA900F8CFE9 /* Build configuration list for PBXProject "MemeMe" */;
			compatibilityVersion = "Xcode 3.2";
			developmentRegion = English;
			hasScannedForEncodings = 0;
			knownRegions = (
				en,
				Base,
			);
			mainGroup = 571649B51ACF0CA900F8CFE9;
			productRefGroup = 571649BF1ACF0CA900F8CFE9 /* Products */;
			projectDirPath = "";
			projectRoot = "";
			targets = (
				571649BD1ACF0CA900F8CFE9 /* MemeMe */,
				571649D21ACF0CA900F8CFE9 /* MemeMeTests */,
			);
		};
/* End PBXProject section */

/* Begin PBXResourcesBuildPhase section */
		571649BC1ACF0CA900F8CFE9 /* Resources */ = {
			isa = PBXResourcesBuildPhase;
			buildActionMask = 2147483647;
			files = (
				571649C91ACF0CA900F8CFE9 /* Main.storyboard in Resources */,
				571649CE1ACF0CA900F8CFE9 /* LaunchScreen.xib in Resources */,
				571649CB1ACF0CA900F8CFE9 /* Images.xcassets in Resources */,
			);
			runOnlyForDeploymentPostprocessing = 0;
		};
		571649D11ACF0CA900F8CFE9 /* Resources */ = {
			isa = PBXResourcesBuildPhase;
			buildActionMask = 2147483647;
			files = (
			);
			runOnlyForDeploymentPostprocessing = 0;
		};
/* End PBXResourcesBuildPhase section */

/* Begin PBXSourcesBuildPhase section */
		571649BA1ACF0CA900F8CFE9 /* Sources */ = {
			isa = PBXSourcesBuildPhase;
			buildActionMask = 2147483647;
			files = (
				571649C61ACF0CA900F8CFE9 /* MemeEditorViewController.swift in Sources */,
				571649C41ACF0CA900F8CFE9 /* AppDelegate.swift in Sources */,
			);
			runOnlyForDeploymentPostprocessing = 0;
		};
		571649CF1ACF0CA900F8CFE9 /* Sources */ = {
			isa = PBXSourcesBuildPhase;
			buildActionMask = 2147483647;
			files = (
				571649DA1ACF0CA900F8CFE9 /* MemeMeTests.swift in Sources */,
			);
			runOnlyForDeploymentPostprocessing = 0;
		};
/* End PBXSourcesBuildPhase section */

/* Begin PBXTargetDependency section */
		571649D51ACF0CA900F8CFE9 /* PBXTargetDependency */ = {
			isa = PBXTargetDependency;
			target = 571649BD1ACF0CA900F8CFE9 /* MemeMe */;
			targetProxy = 571649D41ACF0CA900F8CFE9 /* PBXContainerItemProxy */;
		};
/* End PBXTargetDependency section */

/* Begin PBXVariantGroup section */
		571649C71ACF0CA900F8CFE9 /* Main.storyboard */ = {
			isa = PBXVariantGroup;
			children = (
				571649C81ACF0CA900F8CFE9 /* Base */,
			);
			name = Main.storyboard;
			sourceTree = "<group>";
		};
		571649CC1ACF0CA900F8CFE9 /* LaunchScreen.xib */ = {
			isa = PBXVariantGroup;
			children = (
				571649CD1ACF0CA900F8CFE9 /* Base */,
			);
			name = LaunchScreen.xib;
			sourceTree = "<group>";
		};
/* End PBXVariantGroup section */

/* Begin XCBuildConfiguration section */
		571649DB1ACF0CA900F8CFE9 /* Debug */ = {
			isa = XCBuildConfiguration;
			buildSettings = {
				ALWAYS_SEARCH_USER_PATHS = NO;
				CLANG_CXX_LANGUAGE_STANDARD = "gnu++0x";
				CLANG_CXX_LIBRARY = "libc++";
				CLANG_ENABLE_MODULES = YES;
				CLANG_ENABLE_OBJC_ARC = YES;
				CLANG_WARN_BOOL_CONVERSION = YES;
				CLANG_WARN_CONSTANT_CONVERSION = YES;
				CLANG_WARN_DIRECT_OBJC_ISA_USAGE = YES_ERROR;
				CLANG_WARN_EMPTY_BODY = YES;
				CLANG_WARN_ENUM_CONVERSION = YES;
				CLANG_WARN_INT_CONVERSION = YES;
				CLANG_WARN_OBJC_ROOT_CLASS = YES_ERROR;
				CLANG_WARN_UNREACHABLE_CODE = YES;
				CLANG_WARN__DUPLICATE_METHOD_MATCH = YES;
				"CODE_SIGN_IDENTITY[sdk=iphoneos*]" = "iPhone Developer";
				COPY_PHASE_STRIP = NO;
				ENABLE_STRICT_OBJC_MSGSEND = YES;
				GCC_C_LANGUAGE_STANDARD = gnu99;
				GCC_DYNAMIC_NO_PIC = NO;
				GCC_OPTIMIZATION_LEVEL = 0;
				GCC_PREPROCESSOR_DEFINITIONS = (
					"DEBUG=1",
					"$(inherited)",
				);
				GCC_SYMBOLS_PRIVATE_EXTERN = NO;
				GCC_WARN_64_TO_32_BIT_CONVERSION = YES;
				GCC_WARN_ABOUT_RETURN_TYPE = YES_ERROR;
				GCC_WARN_UNDECLARED_SELECTOR = YES;
				GCC_WARN_UNINITIALIZED_AUTOS = YES_AGGRESSIVE;
				GCC_WARN_UNUSED_FUNCTION = YES;
				GCC_WARN_UNUSED_VARIABLE = YES;
				IPHONEOS_DEPLOYMENT_TARGET = 8.2;
				MTL_ENABLE_DEBUG_INFO = YES;
				ONLY_ACTIVE_ARCH = YES;
				SDKROOT = iphoneos;
				SWIFT_OPTIMIZATION_LEVEL = "-Onone";
			};
			name = Debug;
		};
		571649DC1ACF0CA900F8CFE9 /* Release */ = {
			isa = XCBuildConfiguration;
			buildSettings = {
				ALWAYS_SEARCH_USER_PATHS = NO;
				CLANG_CXX_LANGUAGE_STANDARD = "gnu++0x";
				CLANG_CXX_LIBRARY = "libc++";
				CLANG_ENABLE_MODULES = YES;
				CLANG_ENABLE_OBJC_ARC = YES;
				CLANG_WARN_BOOL_CONVERSION = YES;
				CLANG_WARN_CONSTANT_CONVERSION = YES;
				CLANG_WARN_DIRECT_OBJC_ISA_USAGE = YES_ERROR;
				CLANG_WARN_EMPTY_BODY = YES;
				CLANG_WARN_ENUM_CONVERSION = YES;
				CLANG_WARN_INT_CONVERSION = YES;
				CLANG_WARN_OBJC_ROOT_CLASS = YES_ERROR;
				CLANG_WARN_UNREACHABLE_CODE = YES;
				CLANG_WARN__DUPLICATE_METHOD_MATCH = YES;
				"CODE_SIGN_IDENTITY[sdk=iphoneos*]" = "iPhone Developer";
				COPY_PHASE_STRIP = NO;
				ENABLE_NS_ASSERTIONS = NO;
				ENABLE_STRICT_OBJC_MSGSEND = YES;
				GCC_C_LANGUAGE_STANDARD = gnu99;
				GCC_WARN_64_TO_32_BIT_CONVERSION = YES;
				GCC_WARN_ABOUT_RETURN_TYPE = YES_ERROR;
				GCC_WARN_UNDECLARED_SELECTOR = YES;
				GCC_WARN_UNINITIALIZED_AUTOS = YES_AGGRESSIVE;
				GCC_WARN_UNUSED_FUNCTION = YES;
				GCC_WARN_UNUSED_VARIABLE = YES;
				IPHONEOS_DEPLOYMENT_TARGET = 8.2;
				MTL_ENABLE_DEBUG_INFO = NO;
				SDKROOT = iphoneos;
				VALIDATE_PRODUCT = YES;
			};
			name = Release;
		};
		571649DE1ACF0CA900F8CFE9 /* Debug */ = {
			isa = XCBuildConfiguration;
			buildSettings = {
				ASSETCATALOG_COMPILER_APPICON_NAME = AppIcon;
				INFOPLIST_FILE = MemeMe/Info.plist;
				LD_RUNPATH_SEARCH_PATHS = "$(inherited) @executable_path/Frameworks";
				PRODUCT_NAME = "$(TARGET_NAME)";
			};
			name = Debug;
		};
		571649DF1ACF0CA900F8CFE9 /* Release */ = {
			isa = XCBuildConfiguration;
			buildSettings = {
				ASSETCATALOG_COMPILER_APPICON_NAME = AppIcon;
				INFOPLIST_FILE = MemeMe/Info.plist;
				LD_RUNPATH_SEARCH_PATHS = "$(inherited) @executable_path/Frameworks";
				PRODUCT_NAME = "$(TARGET_NAME)";
			};
			name = Release;
		};
		571649E11ACF0CA900F8CFE9 /* Debug */ = {
			isa = XCBuildConfiguration;
			buildSettings = {
				BUNDLE_LOADER = "$(TEST_HOST)";
				FRAMEWORK_SEARCH_PATHS = (
					"$(SDKROOT)/Developer/Library/Frameworks",
					"$(inherited)",
				);
				GCC_PREPROCESSOR_DEFINITIONS = (
					"DEBUG=1",
					"$(inherited)",
				);
				INFOPLIST_FILE = MemeMeTests/Info.plist;
				LD_RUNPATH_SEARCH_PATHS = "$(inherited) @executable_path/Frameworks @loader_path/Frameworks";
				PRODUCT_NAME = "$(TARGET_NAME)";
				TEST_HOST = "$(BUILT_PRODUCTS_DIR)/MemeMe.app/MemeMe";
			};
			name = Debug;
		};
		571649E21ACF0CA900F8CFE9 /* Release */ = {
			isa = XCBuildConfiguration;
			buildSettings = {
				BUNDLE_LOADER = "$(TEST_HOST)";
				FRAMEWORK_SEARCH_PATHS = (
					"$(SDKROOT)/Developer/Library/Frameworks",
					"$(inherited)",
				);
				INFOPLIST_FILE = MemeMeTests/Info.plist;
				LD_RUNPATH_SEARCH_PATHS = "$(inherited) @executable_path/Frameworks @loader_path/Frameworks";
				PRODUCT_NAME = "$(TARGET_NAME)";
				TEST_HOST = "$(BUILT_PRODUCTS_DIR)/MemeMe.app/MemeMe";
			};
			name = Release;
		};
/* End XCBuildConfiguration section */

/* Begin XCConfigurationList section */
		571649B91ACF0CA900F8CFE9 /* Build configuration list for PBXProject "MemeMe" */ = {
			isa = XCConfigurationList;
			buildConfigurations = (
				571649DB1ACF0CA900F8CFE9 /* Debug */,
				571649DC1ACF0CA900F8CFE9 /* Release */,
			);
			defaultConfigurationIsVisible = 0;
			defaultConfigurationName = Release;
		};
		571649DD1ACF0CA900F8CFE9 /* Build configuration list for PBXNativeTarget "MemeMe" */ = {
			isa = XCConfigurationList;
			buildConfigurations = (
				571649DE1ACF0CA900F8CFE9 /* Debug */,
				571649DF1ACF0CA900F8CFE9 /* Release */,
			);
			defaultConfigurationIsVisible = 0;
		};
		571649E01ACF0CA900F8CFE9 /* Build configuration list for PBXNativeTarget "MemeMeTests" */ = {
			isa = XCConfigurationList;
			buildConfigurations = (
				571649E11ACF0CA900F8CFE9 /* Debug */,
				571649E21ACF0CA900F8CFE9 /* Release */,
			);
			defaultConfigurationIsVisible = 0;
		};
/* End XCConfigurationList section */
	};
	rootObject = 571649B61ACF0CA900F8CFE9 /* Project object */;
}
